
Microsoft Visual Studio Solution File, Format Version 12.00
# Visual Studio Version 16
VisualStudioVersion = 16.0.36227.6
MinimumVisualStudioVersion = 10.0.40219.1
Project("{FAE04EC0-301F-11D3-BF4B-00C04F79EFBC}") = "iSave-FrontEnd", "iSave-FrontEnd.csproj", "{BAA2514D-208C-4FE9-912E-956E7428D746}"
EndProject
Global
	GlobalSection(SolutionConfigurationPlatforms) = preSolution
		Debug|Any CPU = Debug|Any CPU
		Release|Any CPU = Release|Any CPU
	EndGlobalSection
	GlobalSection(ProjectConfigurationPlatforms) = postSolution
		{BAA2514D-208C-4FE9-912E-956E7428D746}.Debug|Any CPU.ActiveCfg = Debug|Any CPU
		{BAA2514D-208C-4FE9-912E-956E7428D746}.Debug|Any CPU.Build.0 = Debug|Any CPU
		{BAA2514D-208C-4FE9-912E-956E7428D746}.Release|Any CPU.ActiveCfg = Release|Any CPU
		{BAA2514D-208C-4FE9-912E-956E7428D746}.Release|Any CPU.Build.0 = Release|Any CPU
	EndGlobalSection
	GlobalSection(SolutionProperties) = preSolution
		HideSolutionNode = FALSE
	EndGlobalSection
	GlobalSection(ExtensibilityGlobals) = postSolution
		SolutionGuid = {69FA5662-615A-4A8B-A349-73B564DF503F}
	EndGlobalSection
EndGlobal
